
Microsoft Visual Studio Solution File, Format Version 12.00
# Visual Studio 15
VisualStudioVersion = 15.0.27703.2000
MinimumVisualStudioVersion = 10.0.40219.1
Project("{FAE04EC0-301F-11D3-BF4B-00C04F79EFBC}") = "xazcore", "xazcore\xazcore.csproj", "{D983D605-4C90-46A1-95EB-91E5C0AECB0E}"
EndProject
Global
	GlobalSection(SolutionConfigurationPlatforms) = preSolution
		Debug|Any CPU = Debug|Any CPU
		Release|Any CPU = Release|Any CPU
	EndGlobalSection
	GlobalSection(ProjectConfigurationPlatforms) = postSolution
		{D983D605-4C90-46A1-95EB-91E5C0AECB0E}.Debug|Any CPU.ActiveCfg = Debug|Any CPU
		{D983D605-4C90-46A1-95EB-91E5C0AECB0E}.Debug|Any CPU.Build.0 = Debug|Any CPU
		{D983D605-4C90-46A1-95EB-91E5C0AECB0E}.Release|Any CPU.ActiveCfg = Release|Any CPU
		{D983D605-4C90-46A1-95EB-91E5C0AECB0E}.Release|Any CPU.Build.0 = Release|Any CPU
	EndGlobalSection
	GlobalSection(SolutionProperties) = preSolution
		HideSolutionNode = FALSE
	EndGlobalSection
	GlobalSection(ExtensibilityGlobals) = postSolution
		SolutionGuid = {F1084734-A8FD-4800-84B5-398736B56947}
	EndGlobalSection
EndGlobal
